// !$*UTF8*$!
{
	archiveVersion = 1;
	classes = {
	};
	objectVersion = 56;
	objects = {

/* Begin PBXBuildFile section */
		21A9965C29A2D7A000F05387 /* AppDelegate.swift in Sources */ = {isa = PBXBuildFile; fileRef = 21A9965B29A2D7A000F05387 /* AppDelegate.swift */; };
		21A9965E29A2D7A000F05387 /* SceneDelegate.swift in Sources */ = {isa = PBXBuildFile; fileRef = 21A9965D29A2D7A000F05387 /* SceneDelegate.swift */; };
		21A9966029A2D7A000F05387 /* HuntListViewController.swift in Sources */ = {isa = PBXBuildFile; fileRef = 21A9965F29A2D7A000F05387 /* HuntListViewController.swift */; };
		21A9966329A2D7A000F05387 /* Main.storyboard in Resources */ = {isa = PBXBuildFile; fileRef = 21A9966129A2D7A000F05387 /* Main.storyboard */; };
		21A9966529A2D7A300F05387 /* Assets.xcassets in Resources */ = {isa = PBXBuildFile; fileRef = 21A9966429A2D7A300F05387 /* Assets.xcassets */; };
		21A9966829A2D7A300F05387 /* LaunchScreen.storyboard in Resources */ = {isa = PBXBuildFile; fileRef = 21A9966629A2D7A300F05387 /* LaunchScreen.storyboard */; };
		21A9967029A2D96D00F05387 /* HuntCell.swift in Sources */ = {isa = PBXBuildFile; fileRef = 21A9966F29A2D96D00F05387 /* HuntCell.swift */; };
		21A9967529A2DBF800F05387 /* Hunt.swift in Sources */ = {isa = PBXBuildFile; fileRef = 21A9967429A2DBF800F05387 /* Hunt.swift */; };
		21A9967829A2ED4300F05387 /* HuntDetailViewController.swift in Sources */ = {isa = PBXBuildFile; fileRef = 21A9967729A2ED4300F05387 /* HuntDetailViewController.swift */; };
		21A9967A29A2F15B00F05387 /* HuntAnnotationView.swift in Sources */ = {isa = PBXBuildFile; fileRef = 21A9967929A2F15B00F05387 /* HuntAnnotationView.swift */; };
/* End PBXBuildFile section */

/* Begin PBXFileReference section */
		21A9965829A2D7A000F05387 /* Photo Scavenger Hunt.app */ = {isa = PBXFileReference; explicitFileType = wrapper.application; includeInIndex = 0; path = "Photo Scavenger Hunt.app"; sourceTree = BUILT_PRODUCTS_DIR; };
		21A9965B29A2D7A000F05387 /* AppDelegate.swift */ = {isa = PBXFileReference; lastKnownFileType = sourcecode.swift; path = AppDelegate.swift; sourceTree = "<group>"; };
		21A9965D29A2D7A000F05387 /* SceneDelegate.swift */ = {isa = PBXFileReference; lastKnownFileType = sourcecode.swift; path = SceneDelegate.swift; sourceTree = "<group>"; };
		21A9965F29A2D7A000F05387 /* HuntListViewController.swift */ = {isa = PBXFileReference; lastKnownFileType = sourcecode.swift; path = HuntListViewController.swift; sourceTree = "<group>"; };
		21A9966229A2D7A000F05387 /* Base */ = {isa = PBXFileReference; lastKnownFileType = file.storyboard; name = Base; path = Base.lproj/Main.storyboard; sourceTree = "<group>"; };
		21A9966429A2D7A300F05387 /* Assets.xcassets */ = {isa = PBXFileReference; lastKnownFileType = folder.assetcatalog; path = Assets.xcassets; sourceTree = "<group>"; };
		21A9966729A2D7A300F05387 /* Base */ = {isa = PBXFileReference; lastKnownFileType = file.storyboard; name = Base; path = Base.lproj/LaunchScreen.storyboard; sourceTree = "<group>"; };
		21A9966929A2D7A300F05387 /* Info.plist */ = {isa = PBXFileReference; lastKnownFileType = text.plist.xml; path = Info.plist; sourceTree = "<group>"; };
		21A9966F29A2D96D00F05387 /* HuntCell.swift */ = {isa = PBXFileReference; lastKnownFileType = sourcecode.swift; path = HuntCell.swift; sourceTree = "<group>"; };
		21A9967429A2DBF800F05387 /* Hunt.swift */ = {isa = PBXFileReference; lastKnownFileType = sourcecode.swift; path = Hunt.swift; sourceTree = "<group>"; };
		21A9967729A2ED4300F05387 /* HuntDetailViewController.swift */ = {isa = PBXFileReference; lastKnownFileType = sourcecode.swift; path = HuntDetailViewController.swift; sourceTree = "<group>"; };
		21A9967929A2F15B00F05387 /* HuntAnnotationView.swift */ = {isa = PBXFileReference; lastKnownFileType = sourcecode.swift; path = HuntAnnotationView.swift; sourceTree = "<group>"; };
/* End PBXFileReference section */

/* Begin PBXFrameworksBuildPhase section */
		21A9965529A2D7A000F05387 /* Frameworks */ = {
			isa = PBXFrameworksBuildPhase;
			buildActionMask = 2147483647;
			files = (
			);
			runOnlyForDeploymentPostprocessing = 0;
		};
/* End PBXFrameworksBuildPhase section */

/* Begin PBXGroup section */
		21A9964F29A2D7A000F05387 = {
			isa = PBXGroup;
			children = (
				21A9965A29A2D7A000F05387 /* Photo Scavenger Hunt */,
				21A9965929A2D7A000F05387 /* Products */,
			);
			sourceTree = "<group>";
		};
		21A9965929A2D7A000F05387 /* Products */ = {
			isa = PBXGroup;
			children = (
				21A9965829A2D7A000F05387 /* Photo Scavenger Hunt.app */,
			);
			name = Products;
			sourceTree = "<group>";
		};
		21A9965A29A2D7A000F05387 /* Photo Scavenger Hunt */ = {
			isa = PBXGroup;
			children = (
				21A9967129A2DBA600F05387 /* Hunt List */,
				21A9967629A2ECFE00F05387 /* Hunt Detail */,
				21A9967329A2DBDC00F05387 /* Models */,
				21A9966129A2D7A000F05387 /* Main.storyboard */,
				21A9965B29A2D7A000F05387 /* AppDelegate.swift */,
				21A9965D29A2D7A000F05387 /* SceneDelegate.swift */,
				21A9966429A2D7A300F05387 /* Assets.xcassets */,
				21A9966629A2D7A300F05387 /* LaunchScreen.storyboard */,
				21A9966929A2D7A300F05387 /* Info.plist */,
			);
			path = "Photo Scavenger Hunt";
			sourceTree = "<group>";
		};
		21A9967129A2DBA600F05387 /* Hunt List */ = {
			isa = PBXGroup;
			children = (
				21A9965F29A2D7A000F05387 /* HuntListViewController.swift */,
				21A9966F29A2D96D00F05387 /* HuntCell.swift */,
			);
			path = "Hunt List";
			sourceTree = "<group>";
		};
		21A9967329A2DBDC00F05387 /* Models */ = {
			isa = PBXGroup;
			children = (
				21A9967429A2DBF800F05387 /* Hunt.swift */,
			);
			path = Models;
			sourceTree = "<group>";
		};
		21A9967629A2ECFE00F05387 /* Hunt Detail */ = {
			isa = PBXGroup;
			children = (
				21A9967729A2ED4300F05387 /* HuntDetailViewController.swift */,
				21A9967929A2F15B00F05387 /* HuntAnnotationView.swift */,
			);
			path = "Hunt Detail";
			sourceTree = "<group>";
		};
/* End PBXGroup section */

/* Begin PBXNativeTarget section */
		21A9965729A2D7A000F05387 /* Photo Scavenger Hunt */ = {
			isa = PBXNativeTarget;
			buildConfigurationList = 21A9966C29A2D7A300F05387 /* Build configuration list for PBXNativeTarget "Photo Scavenger Hunt" */;
			buildPhases = (
				21A9965429A2D7A000F05387 /* Sources */,
				21A9965529A2D7A000F05387 /* Frameworks */,
				21A9965629A2D7A000F05387 /* Resources */,
			);
			buildRules = (
			);
			dependencies = (
			);
			name = "Photo Scavenger Hunt";
			productName = "Photo Scavenger Hunt";
			productReference = 21A9965829A2D7A000F05387 /* Photo Scavenger Hunt.app */;
			productType = "com.apple.product-type.application";
		};
/* End PBXNativeTarget section */

/* Begin PBXProject section */
		21A9965029A2D7A000F05387 /* Project object */ = {
			isa = PBXProject;
			attributes = {
				BuildIndependentTargetsInParallel = 1;
				LastSwiftUpdateCheck = 1420;
				LastUpgradeCheck = 1420;
				TargetAttributes = {
					21A9965729A2D7A000F05387 = {
						CreatedOnToolsVersion = 14.2;
					};
				};
			};
			buildConfigurationList = 21A9965329A2D7A000F05387 /* Build configuration list for PBXProject "Photo Scavenger Hunt" */;
			compatibilityVersion = "Xcode 14.0";
			developmentRegion = en;
			hasScannedForEncodings = 0;
			knownRegions = (
				en,
				Base,
			);
			mainGroup = 21A9964F29A2D7A000F05387;
			productRefGroup = 21A9965929A2D7A000F05387 /* Products */;
			projectDirPath = "";
			projectRoot = "";
			targets = (
				21A9965729A2D7A000F05387 /* Photo Scavenger Hunt */,
			);
		};
/* End PBXProject section */

/* Begin PBXResourcesBuildPhase section */
		21A9965629A2D7A000F05387 /* Resources */ = {
			isa = PBXResourcesBuildPhase;
			buildActionMask = 2147483647;
			files = (
				21A9966829A2D7A300F05387 /* LaunchScreen.storyboard in Resources */,
				21A9966529A2D7A300F05387 /* Assets.xcassets in Resources */,
				21A9966329A2D7A000F05387 /* Main.storyboard in Resources */,
			);
			runOnlyForDeploymentPostprocessing = 0;
		};
/* End PBXResourcesBuildPhase section */

/* Begin PBXSourcesBuildPhase section */
		21A9965429A2D7A000F05387 /* Sources */ = {
			isa = PBXSourcesBuildPhase;
			buildActionMask = 2147483647;
			files = (
				21A9967029A2D96D00F05387 /* HuntCell.swift in Sources */,
				21A9966029A2D7A000F05387 /* HuntListViewController.swift in Sources */,
				21A9967829A2ED4300F05387 /* HuntDetailViewController.swift in Sources */,
				21A9967A29A2F15B00F05387 /* HuntAnnotationView.swift in Sources */,
				21A9967529A2DBF800F05387 /* Hunt.swift in Sources */,
				21A9965C29A2D7A000F05387 /* AppDelegate.swift in Sources */,
				21A9965E29A2D7A000F05387 /* SceneDelegate.swift in Sources */,
			);
			runOnlyForDeploymentPostprocessing = 0;
		};
/* End PBXSourcesBuildPhase section */

/* Begin PBXVariantGroup section */
		21A9966129A2D7A000F05387 /* Main.storyboard */ = {
			isa = PBXVariantGroup;
			children = (
				21A9966229A2D7A000F05387 /* Base */,
			);
			name = Main.storyboard;
			sourceTree = "<group>";
		};
		21A9966629A2D7A300F05387 /* LaunchScreen.storyboard */ = {
			isa = PBXVariantGroup;
			children = (
				21A9966729A2D7A300F05387 /* Base */,
			);
			name = LaunchScreen.storyboard;
			sourceTree = "<group>";
		};
/* End PBXVariantGroup section */

/* Begin XCBuildConfiguration section */
		21A9966A29A2D7A300F05387 /* Debug */ = {
			isa = XCBuildConfiguration;
			buildSettings = {
				ALWAYS_SEARCH_USER_PATHS = NO;
				CLANG_ANALYZER_NONNULL = YES;
				CLANG_ANALYZER_NUMBER_OBJECT_CONVERSION = YES_AGGRESSIVE;
				CLANG_CXX_LANGUAGE_STANDARD = "gnu++20";
				CLANG_ENABLE_MODULES = YES;
				CLANG_ENABLE_OBJC_ARC = YES;
				CLANG_ENABLE_OBJC_WEAK = YES;
				CLANG_WARN_BLOCK_CAPTURE_AUTORELEASING = YES;
				CLANG_WARN_BOOL_CONVERSION = YES;
				CLANG_WARN_COMMA = YES;
				CLANG_WARN_CONSTANT_CONVERSION = YES;
				CLANG_WARN_DEPRECATED_OBJC_IMPLEMENTATIONS = YES;
				CLANG_WARN_DIRECT_OBJC_ISA_USAGE = YES_ERROR;
				CLANG_WARN_DOCUMENTATION_COMMENTS = YES;
				CLANG_WARN_EMPTY_BODY = YES;
				CLANG_WARN_ENUM_CONVERSION = YES;
				CLANG_WARN_INFINITE_RECURSION = YES;
				CLANG_WARN_INT_CONVERSION = YES;
				CLANG_WARN_NON_LITERAL_NULL_CONVERSION = YES;
				CLANG_WARN_OBJC_IMPLICIT_RETAIN_SELF = YES;
				CLANG_WARN_OBJC_LITERAL_CONVERSION = YES;
				CLANG_WARN_OBJC_ROOT_CLASS = YES_ERROR;
				CLANG_WARN_QUOTED_INCLUDE_IN_FRAMEWORK_HEADER = YES;
				CLANG_WARN_RANGE_LOOP_ANALYSIS = YES;
				CLANG_WARN_STRICT_PROTOTYPES = YES;
				CLANG_WARN_SUSPICIOUS_MOVE = YES;
				CLANG_WARN_UNGUARDED_AVAILABILITY = YES_AGGRESSIVE;
				CLANG_WARN_UNREACHABLE_CODE = YES;
				CLANG_WARN__DUPLICATE_METHOD_MATCH = YES;
				COPY_PHASE_STRIP = NO;
				DEBUG_INFORMATION_FORMAT = dwarf;
				ENABLE_STRICT_OBJC_MSGSEND = YES;
				ENABLE_TESTABILITY = YES;
				GCC_C_LANGUAGE_STANDARD = gnu11;
				GCC_DYNAMIC_NO_PIC = NO;
				GCC_NO_COMMON_BLOCKS = YES;
				GCC_OPTIMIZATION_LEVEL = 0;
				GCC_PREPROCESSOR_DEFINITIONS = (
					"DEBUG=1",
					"$(inherited)",
				);
				GCC_WARN_64_TO_32_BIT_CONVERSION = YES;
				GCC_WARN_ABOUT_RETURN_TYPE = YES_ERROR;
				GCC_WARN_UNDECLARED_SELECTOR = YES;
				GCC_WARN_UNINITIALIZED_AUTOS = YES_AGGRESSIVE;
				GCC_WARN_UNUSED_FUNCTION = YES;
				GCC_WARN_UNUSED_VARIABLE = YES;
				IPHONEOS_DEPLOYMENT_TARGET = 16.2;
				MTL_ENABLE_DEBUG_INFO = INCLUDE_SOURCE;
				MTL_FAST_MATH = YES;
				ONLY_ACTIVE_ARCH = YES;
				SDKROOT = iphoneos;
				SWIFT_ACTIVE_COMPILATION_CONDITIONS = DEBUG;
				SWIFT_OPTIMIZATION_LEVEL = "-Onone";
			};
			name = Debug;
		};
		21A9966B29A2D7A300F05387 /* Release */ = {
			isa = XCBuildConfiguration;
			buildSettings = {
				ALWAYS_SEARCH_USER_PATHS = NO;
				CLANG_ANALYZER_NONNULL = YES;
				CLANG_ANALYZER_NUMBER_OBJECT_CONVERSION = YES_AGGRESSIVE;
				CLANG_CXX_LANGUAGE_STANDARD = "gnu++20";
				CLANG_ENABLE_MODULES = YES;
				CLANG_ENABLE_OBJC_ARC = YES;
				CLANG_ENABLE_OBJC_WEAK = YES;
				CLANG_WARN_BLOCK_CAPTURE_AUTORELEASING = YES;
				CLANG_WARN_BOOL_CONVERSION = YES;
				CLANG_WARN_COMMA = YES;
				CLANG_WARN_CONSTANT_CONVERSION = YES;
				CLANG_WARN_DEPRECATED_OBJC_IMPLEMENTATIONS = YES;
				CLANG_WARN_DIRECT_OBJC_ISA_USAGE = YES_ERROR;
				CLANG_WARN_DOCUMENTATION_COMMENTS = YES;
				CLANG_WARN_EMPTY_BODY = YES;
				CLANG_WARN_ENUM_CONVERSION = YES;
				CLANG_WARN_INFINITE_RECURSION = YES;
				CLANG_WARN_INT_CONVERSION = YES;
				CLANG_WARN_NON_LITERAL_NULL_CONVERSION = YES;
				CLANG_WARN_OBJC_IMPLICIT_RETAIN_SELF = YES;
				CLANG_WARN_OBJC_LITERAL_CONVERSION = YES;
				CLANG_WARN_OBJC_ROOT_CLASS = YES_ERROR;
				CLANG_WARN_QUOTED_INCLUDE_IN_FRAMEWORK_HEADER = YES;
				CLANG_WARN_RANGE_LOOP_ANALYSIS = YES;
				CLANG_WARN_STRICT_PROTOTYPES = YES;
				CLANG_WARN_SUSPICIOUS_MOVE = YES;
				CLANG_WARN_UNGUARDED_AVAILABILITY = YES_AGGRESSIVE;
				CLANG_WARN_UNREACHABLE_CODE = YES;
				CLANG_WARN__DUPLICATE_METHOD_MATCH = YES;
				COPY_PHASE_STRIP = NO;
				DEBUG_INFORMATION_FORMAT = "dwarf-with-dsym";
				ENABLE_NS_ASSERTIONS = NO;
				ENABLE_STRICT_OBJC_MSGSEND = YES;
				GCC_C_LANGUAGE_STANDARD = gnu11;
				GCC_NO_COMMON_BLOCKS = YES;
				GCC_WARN_64_TO_32_BIT_CONVERSION = YES;
				GCC_WARN_ABOUT_RETURN_TYPE = YES_ERROR;
				GCC_WARN_UNDECLARED_SELECTOR = YES;
				GCC_WARN_UNINITIALIZED_AUTOS = YES_AGGRESSIVE;
				GCC_WARN_UNUSED_FUNCTION = YES;
				GCC_WARN_UNUSED_VARIABLE = YES;
				IPHONEOS_DEPLOYMENT_TARGET = 16.2;
				MTL_ENABLE_DEBUG_INFO = NO;
				MTL_FAST_MATH = YES;
				SDKROOT = iphoneos;
				SWIFT_COMPILATION_MODE = wholemodule;
				SWIFT_OPTIMIZATION_LEVEL = "-O";
				VALIDATE_PRODUCT = YES;
			};
			name = Release;
		};
		21A9966D29A2D7A300F05387 /* Debug */ = {
			isa = XCBuildConfiguration;
			buildSettings = {
				ASSETCATALOG_COMPILER_APPICON_NAME = AppIcon;
				ASSETCATALOG_COMPILER_GLOBAL_ACCENT_COLOR_NAME = AccentColor;
				CODE_SIGN_STYLE = Automatic;
				CURRENT_PROJECT_VERSION = 1;
				GENERATE_INFOPLIST_FILE = YES;
				INFOPLIST_FILE = "Photo Scavenger Hunt/Info.plist";
				INFOPLIST_KEY_UIApplicationSupportsIndirectInputEvents = YES;
				INFOPLIST_KEY_UILaunchStoryboardName = LaunchScreen;
				INFOPLIST_KEY_UIMainStoryboardFile = Main;
				INFOPLIST_KEY_UISupportedInterfaceOrientations_iPad = "UIInterfaceOrientationPortrait UIInterfaceOrientationPortraitUpsideDown UIInterfaceOrientationLandscapeLeft UIInterfaceOrientationLandscapeRight";
				INFOPLIST_KEY_UISupportedInterfaceOrientations_iPhone = "UIInterfaceOrientationPortrait UIInterfaceOrientationLandscapeLeft UIInterfaceOrientationLandscapeRight";
				LD_RUNPATH_SEARCH_PATHS = (
					"$(inherited)",
					"@executable_path/Frameworks",
				);
				MARKETING_VERSION = 1.0;
				PRODUCT_BUNDLE_IDENTIFIER = "ios.kvdev.Photo-Scavenger-Hunt";
				PRODUCT_NAME = "$(TARGET_NAME)";
				SWIFT_EMIT_LOC_STRINGS = YES;
				SWIFT_VERSION = 5.0;
				TARGETED_DEVICE_FAMILY = "1,2";
			};
			name = Debug;
		};
		21A9966E29A2D7A300F05387 /* Release */ = {
			isa = XCBuildConfiguration;
			buildSettings = {
				ASSETCATALOG_COMPILER_APPICON_NAME = AppIcon;
				ASSETCATALOG_COMPILER_GLOBAL_ACCENT_COLOR_NAME = AccentColor;
				CODE_SIGN_STYLE = Automatic;
				CURRENT_PROJECT_VERSION = 1;
				GENERATE_INFOPLIST_FILE = YES;
				INFOPLIST_FILE = "Photo Scavenger Hunt/Info.plist";
				INFOPLIST_KEY_UIApplicationSupportsIndirectInputEvents = YES;
				INFOPLIST_KEY_UILaunchStoryboardName = LaunchScreen;
				INFOPLIST_KEY_UIMainStoryboardFile = Main;
				INFOPLIST_KEY_UISupportedInterfaceOrientations_iPad = "UIInterfaceOrientationPortrait UIInterfaceOrientationPortraitUpsideDown UIInterfaceOrientationLandscapeLeft UIInterfaceOrientationLandscapeRight";
				INFOPLIST_KEY_UISupportedInterfaceOrientations_iPhone = "UIInterfaceOrientationPortrait UIInterfaceOrientationLandscapeLeft UIInterfaceOrientationLandscapeRight";
				LD_RUNPATH_SEARCH_PATHS = (
					"$(inherited)",
					"@executable_path/Frameworks",
				);
				MARKETING_VERSION = 1.0;
				PRODUCT_BUNDLE_IDENTIFIER = "ios.kvdev.Photo-Scavenger-Hunt";
				PRODUCT_NAME = "$(TARGET_NAME)";
				SWIFT_EMIT_LOC_STRINGS = YES;
				SWIFT_VERSION = 5.0;
				TARGETED_DEVICE_FAMILY = "1,2";
			};
			name = Release;
		};
/* End XCBuildConfiguration section */

/* Begin XCConfigurationList section */
		21A9965329A2D7A000F05387 /* Build configuration list for PBXProject "Photo Scavenger Hunt" */ = {
			isa = XCConfigurationList;
			buildConfigurations = (
				21A9966A29A2D7A300F05387 /* Debug */,
				21A9966B29A2D7A300F05387 /* Release */,
			);
			defaultConfigurationIsVisible = 0;
			defaultConfigurationName = Release;
		};
		21A9966C29A2D7A300F05387 /* Build configuration list for PBXNativeTarget "Photo Scavenger Hunt" */ = {
			isa = XCConfigurationList;
			buildConfigurations = (
				21A9966D29A2D7A300F05387 /* Debug */,
				21A9966E29A2D7A300F05387 /* Release */,
			);
			defaultConfigurationIsVisible = 0;
			defaultConfigurationName = Release;
		};
/* End XCConfigurationList section */
	};
	rootObject = 21A9965029A2D7A000F05387 /* Project object */;
}
